
Microsoft Visual Studio Solution File, Format Version 12.00
# Visual Studio Version 16
VisualStudioVersion = 16.0.30309.148
MinimumVisualStudioVersion = 10.0.40219.1
Project("{FAE04EC0-301F-11D3-BF4B-00C04F79EFBC}") = "RevitExportGltf", "RevitExportGltf\RevitExportGltf.csproj", "{8A3DC89A-101F-4410-B1F1-3D209E1A28B1}"
EndProject
Global
	GlobalSection(SolutionConfigurationPlatforms) = preSolution
		Debug|Any CPU = Debug|Any CPU
		Release|Any CPU = Release|Any CPU
	EndGlobalSection
	GlobalSection(ProjectConfigurationPlatforms) = postSolution
		{8A3DC89A-101F-4410-B1F1-3D209E1A28B1}.Debug|Any CPU.ActiveCfg = Debug|Any CPU
		{8A3DC89A-101F-4410-B1F1-3D209E1A28B1}.Debug|Any CPU.Build.0 = Debug|Any CPU
		{8A3DC89A-101F-4410-B1F1-3D209E1A28B1}.Release|Any CPU.ActiveCfg = Release|Any CPU
		{8A3DC89A-101F-4410-B1F1-3D209E1A28B1}.Release|Any CPU.Build.0 = Release|Any CPU
	EndGlobalSection
	GlobalSection(SolutionProperties) = preSolution
		HideSolutionNode = FALSE
	EndGlobalSection
	GlobalSection(ExtensibilityGlobals) = postSolution
		SolutionGuid = {6AC9E9B5-FF67-4BB3-BF5D-D29664EAC0CD}
	EndGlobalSection
	GlobalSection(SubversionScc) = preSolution
		Svn-Managed = True
		Manager = AnkhSVN2019 - Subversion Support for Visual Studio
	EndGlobalSection
EndGlobal
